
Microsoft Visual Studio Solution File, Format Version 12.00
# Visual Studio Version 17
VisualStudioVersion = 17.7.34018.315
MinimumVisualStudioVersion = 10.0.40219.1
Project("{FAE04EC0-301F-11D3-BF4B-00C04F79EFBC}") = "Kalkylator2", "Kalkylator2\Kalkylator2.csproj", "{C4407959-6779-431B-B20A-033F726F75E6}"
EndProject
Global
	GlobalSection(SolutionConfigurationPlatforms) = preSolution
		Debug|Any CPU = Debug|Any CPU
		Release|Any CPU = Release|Any CPU
	EndGlobalSection
	GlobalSection(ProjectConfigurationPlatforms) = postSolution
		{C4407959-6779-431B-B20A-033F726F75E6}.Debug|Any CPU.ActiveCfg = Debug|Any CPU
		{C4407959-6779-431B-B20A-033F726F75E6}.Debug|Any CPU.Build.0 = Debug|Any CPU
		{C4407959-6779-431B-B20A-033F726F75E6}.Release|Any CPU.ActiveCfg = Release|Any CPU
		{C4407959-6779-431B-B20A-033F726F75E6}.Release|Any CPU.Build.0 = Release|Any CPU
	EndGlobalSection
	GlobalSection(SolutionProperties) = preSolution
		HideSolutionNode = FALSE
	EndGlobalSection
	GlobalSection(ExtensibilityGlobals) = postSolution
		SolutionGuid = {3B2C767F-D7D2-47B3-8E37-76C3C657C8F8}
	EndGlobalSection
EndGlobal
